// !$*UTF8*$!
{
	archiveVersion = 1;
	classes = {
	};
	objectVersion = 50;
	objects = {

/* Begin PBXBuildFile section */
		09F98FA124A28F0C004ACC12 /* AppDelegate.swift in Sources */ = {isa = PBXBuildFile; fileRef = 09F98FA024A28F0C004ACC12 /* AppDelegate.swift */; };
		09F98FA324A28F0C004ACC12 /* SceneDelegate.swift in Sources */ = {isa = PBXBuildFile; fileRef = 09F98FA224A28F0C004ACC12 /* SceneDelegate.swift */; };
		09F98FA524A28F0C004ACC12 /* ViewController.swift in Sources */ = {isa = PBXBuildFile; fileRef = 09F98FA424A28F0C004ACC12 /* ViewController.swift */; };
		09F98FA824A28F0C004ACC12 /* Main.storyboard in Resources */ = {isa = PBXBuildFile; fileRef = 09F98FA624A28F0C004ACC12 /* Main.storyboard */; };
		09F98FAA24A28F0F004ACC12 /* Assets.xcassets in Resources */ = {isa = PBXBuildFile; fileRef = 09F98FA924A28F0F004ACC12 /* Assets.xcassets */; };
		09F98FAD24A28F0F004ACC12 /* LaunchScreen.storyboard in Resources */ = {isa = PBXBuildFile; fileRef = 09F98FAB24A28F0F004ACC12 /* LaunchScreen.storyboard */; };
		09F98FB824A28F0F004ACC12 /* InventoryTests.swift in Sources */ = {isa = PBXBuildFile; fileRef = 09F98FB724A28F0F004ACC12 /* InventoryTests.swift */; };
		09F98FC324A28F0F004ACC12 /* InventoryUITests.swift in Sources */ = {isa = PBXBuildFile; fileRef = 09F98FC224A28F0F004ACC12 /* InventoryUITests.swift */; };
		09F98FDB24A29F1D004ACC12 /* EditViewController.swift in Sources */ = {isa = PBXBuildFile; fileRef = 09F98FDA24A29F1D004ACC12 /* EditViewController.swift */; };
		09F98FDD24A29F4A004ACC12 /* AddViewController.swift in Sources */ = {isa = PBXBuildFile; fileRef = 09F98FDC24A29F4A004ACC12 /* AddViewController.swift */; };
/* End PBXBuildFile section */

/* Begin PBXContainerItemProxy section */
		09F98FB424A28F0F004ACC12 /* PBXContainerItemProxy */ = {
			isa = PBXContainerItemProxy;
			containerPortal = 09F98F9524A28F0C004ACC12 /* Project object */;
			proxyType = 1;
			remoteGlobalIDString = 09F98F9C24A28F0C004ACC12;
			remoteInfo = Inventory;
		};
		09F98FBF24A28F0F004ACC12 /* PBXContainerItemProxy */ = {
			isa = PBXContainerItemProxy;
			containerPortal = 09F98F9524A28F0C004ACC12 /* Project object */;
			proxyType = 1;
			remoteGlobalIDString = 09F98F9C24A28F0C004ACC12;
			remoteInfo = Inventory;
		};
/* End PBXContainerItemProxy section */

/* Begin PBXFileReference section */
		09F98F9D24A28F0C004ACC12 /* Inventory.app */ = {isa = PBXFileReference; explicitFileType = wrapper.application; includeInIndex = 0; path = Inventory.app; sourceTree = BUILT_PRODUCTS_DIR; };
		09F98FA024A28F0C004ACC12 /* AppDelegate.swift */ = {isa = PBXFileReference; lastKnownFileType = sourcecode.swift; path = AppDelegate.swift; sourceTree = "<group>"; };
		09F98FA224A28F0C004ACC12 /* SceneDelegate.swift */ = {isa = PBXFileReference; lastKnownFileType = sourcecode.swift; path = SceneDelegate.swift; sourceTree = "<group>"; };
		09F98FA424A28F0C004ACC12 /* ViewController.swift */ = {isa = PBXFileReference; lastKnownFileType = sourcecode.swift; path = ViewController.swift; sourceTree = "<group>"; };
		09F98FA724A28F0C004ACC12 /* Base */ = {isa = PBXFileReference; lastKnownFileType = file.storyboard; name = Base; path = Base.lproj/Main.storyboard; sourceTree = "<group>"; };
		09F98FA924A28F0F004ACC12 /* Assets.xcassets */ = {isa = PBXFileReference; lastKnownFileType = folder.assetcatalog; path = Assets.xcassets; sourceTree = "<group>"; };
		09F98FAC24A28F0F004ACC12 /* Base */ = {isa = PBXFileReference; lastKnownFileType = file.storyboard; name = Base; path = Base.lproj/LaunchScreen.storyboard; sourceTree = "<group>"; };
		09F98FAE24A28F0F004ACC12 /* Info.plist */ = {isa = PBXFileReference; lastKnownFileType = text.plist.xml; path = Info.plist; sourceTree = "<group>"; };
		09F98FB324A28F0F004ACC12 /* InventoryTests.xctest */ = {isa = PBXFileReference; explicitFileType = wrapper.cfbundle; includeInIndex = 0; path = InventoryTests.xctest; sourceTree = BUILT_PRODUCTS_DIR; };
		09F98FB724A28F0F004ACC12 /* InventoryTests.swift */ = {isa = PBXFileReference; lastKnownFileType = sourcecode.swift; path = InventoryTests.swift; sourceTree = "<group>"; };
		09F98FB924A28F0F004ACC12 /* Info.plist */ = {isa = PBXFileReference; lastKnownFileType = text.plist.xml; path = Info.plist; sourceTree = "<group>"; };
		09F98FBE24A28F0F004ACC12 /* InventoryUITests.xctest */ = {isa = PBXFileReference; explicitFileType = wrapper.cfbundle; includeInIndex = 0; path = InventoryUITests.xctest; sourceTree = BUILT_PRODUCTS_DIR; };
		09F98FC224A28F0F004ACC12 /* InventoryUITests.swift */ = {isa = PBXFileReference; lastKnownFileType = sourcecode.swift; path = InventoryUITests.swift; sourceTree = "<group>"; };
		09F98FC424A28F0F004ACC12 /* Info.plist */ = {isa = PBXFileReference; lastKnownFileType = text.plist.xml; path = Info.plist; sourceTree = "<group>"; };
		09F98FDA24A29F1D004ACC12 /* EditViewController.swift */ = {isa = PBXFileReference; lastKnownFileType = sourcecode.swift; path = EditViewController.swift; sourceTree = "<group>"; };
		09F98FDC24A29F4A004ACC12 /* AddViewController.swift */ = {isa = PBXFileReference; lastKnownFileType = sourcecode.swift; path = AddViewController.swift; sourceTree = "<group>"; };
/* End PBXFileReference section */

/* Begin PBXFrameworksBuildPhase section */
		09F98F9A24A28F0C004ACC12 /* Frameworks */ = {
			isa = PBXFrameworksBuildPhase;
			buildActionMask = 2147483647;
			files = (
			);
			runOnlyForDeploymentPostprocessing = 0;
		};
		09F98FB024A28F0F004ACC12 /* Frameworks */ = {
			isa = PBXFrameworksBuildPhase;
			buildActionMask = 2147483647;
			files = (
			);
			runOnlyForDeploymentPostprocessing = 0;
		};
		09F98FBB24A28F0F004ACC12 /* Frameworks */ = {
			isa = PBXFrameworksBuildPhase;
			buildActionMask = 2147483647;
			files = (
			);
			runOnlyForDeploymentPostprocessing = 0;
		};
/* End PBXFrameworksBuildPhase section */

/* Begin PBXGroup section */
		09F98F9424A28F0C004ACC12 = {
			isa = PBXGroup;
			children = (
				09F98F9F24A28F0C004ACC12 /* Inventory */,
				09F98FB624A28F0F004ACC12 /* InventoryTests */,
				09F98FC124A28F0F004ACC12 /* InventoryUITests */,
				09F98F9E24A28F0C004ACC12 /* Products */,
			);
			sourceTree = "<group>";
		};
		09F98F9E24A28F0C004ACC12 /* Products */ = {
			isa = PBXGroup;
			children = (
				09F98F9D24A28F0C004ACC12 /* Inventory.app */,
				09F98FB324A28F0F004ACC12 /* InventoryTests.xctest */,
				09F98FBE24A28F0F004ACC12 /* InventoryUITests.xctest */,
			);
			name = Products;
			sourceTree = "<group>";
		};
		09F98F9F24A28F0C004ACC12 /* Inventory */ = {
			isa = PBXGroup;
			children = (
				09F98FA024A28F0C004ACC12 /* AppDelegate.swift */,
				09F98FA224A28F0C004ACC12 /* SceneDelegate.swift */,
				09F98FA424A28F0C004ACC12 /* ViewController.swift */,
				09F98FA624A28F0C004ACC12 /* Main.storyboard */,
				09F98FDA24A29F1D004ACC12 /* EditViewController.swift */,
				09F98FA924A28F0F004ACC12 /* Assets.xcassets */,
				09F98FAB24A28F0F004ACC12 /* LaunchScreen.storyboard */,
				09F98FAE24A28F0F004ACC12 /* Info.plist */,
				09F98FDC24A29F4A004ACC12 /* AddViewController.swift */,
			);
			path = Inventory;
			sourceTree = "<group>";
		};
		09F98FB624A28F0F004ACC12 /* InventoryTests */ = {
			isa = PBXGroup;
			children = (
				09F98FB724A28F0F004ACC12 /* InventoryTests.swift */,
				09F98FB924A28F0F004ACC12 /* Info.plist */,
			);
			path = InventoryTests;
			sourceTree = "<group>";
		};
		09F98FC124A28F0F004ACC12 /* InventoryUITests */ = {
			isa = PBXGroup;
			children = (
				09F98FC224A28F0F004ACC12 /* InventoryUITests.swift */,
				09F98FC424A28F0F004ACC12 /* Info.plist */,
			);
			path = InventoryUITests;
			sourceTree = "<group>";
		};
/* End PBXGroup section */

/* Begin PBXNativeTarget section */
		09F98F9C24A28F0C004ACC12 /* Inventory */ = {
			isa = PBXNativeTarget;
			buildConfigurationList = 09F98FC724A28F0F004ACC12 /* Build configuration list for PBXNativeTarget "Inventory" */;
			buildPhases = (
				09F98F9924A28F0C004ACC12 /* Sources */,
				09F98F9A24A28F0C004ACC12 /* Frameworks */,
				09F98F9B24A28F0C004ACC12 /* Resources */,
			);
			buildRules = (
			);
			dependencies = (
			);
			name = Inventory;
			productName = Inventory;
			productReference = 09F98F9D24A28F0C004ACC12 /* Inventory.app */;
			productType = "com.apple.product-type.application";
		};
		09F98FB224A28F0F004ACC12 /* InventoryTests */ = {
			isa = PBXNativeTarget;
			buildConfigurationList = 09F98FCA24A28F0F004ACC12 /* Build configuration list for PBXNativeTarget "InventoryTests" */;
			buildPhases = (
				09F98FAF24A28F0F004ACC12 /* Sources */,
				09F98FB024A28F0F004ACC12 /* Frameworks */,
				09F98FB124A28F0F004ACC12 /* Resources */,
			);
			buildRules = (
			);
			dependencies = (
				09F98FB524A28F0F004ACC12 /* PBXTargetDependency */,
			);
			name = InventoryTests;
			productName = InventoryTests;
			productReference = 09F98FB324A28F0F004ACC12 /* InventoryTests.xctest */;
			productType = "com.apple.product-type.bundle.unit-test";
		};
		09F98FBD24A28F0F004ACC12 /* InventoryUITests */ = {
			isa = PBXNativeTarget;
			buildConfigurationList = 09F98FCD24A28F0F004ACC12 /* Build configuration list for PBXNativeTarget "InventoryUITests" */;
			buildPhases = (
				09F98FBA24A28F0F004ACC12 /* Sources */,
				09F98FBB24A28F0F004ACC12 /* Frameworks */,
				09F98FBC24A28F0F004ACC12 /* Resources */,
			);
			buildRules = (
			);
			dependencies = (
				09F98FC024A28F0F004ACC12 /* PBXTargetDependency */,
			);
			name = InventoryUITests;
			productName = InventoryUITests;
			productReference = 09F98FBE24A28F0F004ACC12 /* InventoryUITests.xctest */;
			productType = "com.apple.product-type.bundle.ui-testing";
		};
/* End PBXNativeTarget section */

/* Begin PBXProject section */
		09F98F9524A28F0C004ACC12 /* Project object */ = {
			isa = PBXProject;
			attributes = {
				LastSwiftUpdateCheck = 1150;
				LastUpgradeCheck = 1150;
				ORGANIZATIONNAME = "Stephanie Spencer";
				TargetAttributes = {
					09F98F9C24A28F0C004ACC12 = {
						CreatedOnToolsVersion = 11.5;
					};
					09F98FB224A28F0F004ACC12 = {
						CreatedOnToolsVersion = 11.5;
						TestTargetID = 09F98F9C24A28F0C004ACC12;
					};
					09F98FBD24A28F0F004ACC12 = {
						CreatedOnToolsVersion = 11.5;
						TestTargetID = 09F98F9C24A28F0C004ACC12;
					};
				};
			};
			buildConfigurationList = 09F98F9824A28F0C004ACC12 /* Build configuration list for PBXProject "Inventory" */;
			compatibilityVersion = "Xcode 9.3";
			developmentRegion = en;
			hasScannedForEncodings = 0;
			knownRegions = (
				en,
				Base,
			);
			mainGroup = 09F98F9424A28F0C004ACC12;
			productRefGroup = 09F98F9E24A28F0C004ACC12 /* Products */;
			projectDirPath = "";
			projectRoot = "";
			targets = (
				09F98F9C24A28F0C004ACC12 /* Inventory */,
				09F98FB224A28F0F004ACC12 /* InventoryTests */,
				09F98FBD24A28F0F004ACC12 /* InventoryUITests */,
			);
		};
/* End PBXProject section */

/* Begin PBXResourcesBuildPhase section */
		09F98F9B24A28F0C004ACC12 /* Resources */ = {
			isa = PBXResourcesBuildPhase;
			buildActionMask = 2147483647;
			files = (
				09F98FAD24A28F0F004ACC12 /* LaunchScreen.storyboard in Resources */,
				09F98FAA24A28F0F004ACC12 /* Assets.xcassets in Resources */,
				09F98FA824A28F0C004ACC12 /* Main.storyboard in Resources */,
			);
			runOnlyForDeploymentPostprocessing = 0;
		};
		09F98FB124A28F0F004ACC12 /* Resources */ = {
			isa = PBXResourcesBuildPhase;
			buildActionMask = 2147483647;
			files = (
			);
			runOnlyForDeploymentPostprocessing = 0;
		};
		09F98FBC24A28F0F004ACC12 /* Resources */ = {
			isa = PBXResourcesBuildPhase;
			buildActionMask = 2147483647;
			files = (
			);
			runOnlyForDeploymentPostprocessing = 0;
		};
/* End PBXResourcesBuildPhase section */

/* Begin PBXSourcesBuildPhase section */
		09F98F9924A28F0C004ACC12 /* Sources */ = {
			isa = PBXSourcesBuildPhase;
			buildActionMask = 2147483647;
			files = (
				09F98FDD24A29F4A004ACC12 /* AddViewController.swift in Sources */,
				09F98FDB24A29F1D004ACC12 /* EditViewController.swift in Sources */,
				09F98FA524A28F0C004ACC12 /* ViewController.swift in Sources */,
				09F98FA124A28F0C004ACC12 /* AppDelegate.swift in Sources */,
				09F98FA324A28F0C004ACC12 /* SceneDelegate.swift in Sources */,
			);
			runOnlyForDeploymentPostprocessing = 0;
		};
		09F98FAF24A28F0F004ACC12 /* Sources */ = {
			isa = PBXSourcesBuildPhase;
			buildActionMask = 2147483647;
			files = (
				09F98FB824A28F0F004ACC12 /* InventoryTests.swift in Sources */,
			);
			runOnlyForDeploymentPostprocessing = 0;
		};
		09F98FBA24A28F0F004ACC12 /* Sources */ = {
			isa = PBXSourcesBuildPhase;
			buildActionMask = 2147483647;
			files = (
				09F98FC324A28F0F004ACC12 /* InventoryUITests.swift in Sources */,
			);
			runOnlyForDeploymentPostprocessing = 0;
		};
/* End PBXSourcesBuildPhase section */

/* Begin PBXTargetDependency section */
		09F98FB524A28F0F004ACC12 /* PBXTargetDependency */ = {
			isa = PBXTargetDependency;
			target = 09F98F9C24A28F0C004ACC12 /* Inventory */;
			targetProxy = 09F98FB424A28F0F004ACC12 /* PBXContainerItemProxy */;
		};
		09F98FC024A28F0F004ACC12 /* PBXTargetDependency */ = {
			isa = PBXTargetDependency;
			target = 09F98F9C24A28F0C004ACC12 /* Inventory */;
			targetProxy = 09F98FBF24A28F0F004ACC12 /* PBXContainerItemProxy */;
		};
/* End PBXTargetDependency section */

/* Begin PBXVariantGroup section */
		09F98FA624A28F0C004ACC12 /* Main.storyboard */ = {
			isa = PBXVariantGroup;
			children = (
				09F98FA724A28F0C004ACC12 /* Base */,
			);
			name = Main.storyboard;
			sourceTree = "<group>";
		};
		09F98FAB24A28F0F004ACC12 /* LaunchScreen.storyboard */ = {
			isa = PBXVariantGroup;
			children = (
				09F98FAC24A28F0F004ACC12 /* Base */,
			);
			name = LaunchScreen.storyboard;
			sourceTree = "<group>";
		};
/* End PBXVariantGroup section */

/* Begin XCBuildConfiguration section */
		09F98FC524A28F0F004ACC12 /* Debug */ = {
			isa = XCBuildConfiguration;
			buildSettings = {
				ALWAYS_SEARCH_USER_PATHS = NO;
				CLANG_ANALYZER_NONNULL = YES;
				CLANG_ANALYZER_NUMBER_OBJECT_CONVERSION = YES_AGGRESSIVE;
				CLANG_CXX_LANGUAGE_STANDARD = "gnu++14";
				CLANG_CXX_LIBRARY = "libc++";
				CLANG_ENABLE_MODULES = YES;
				CLANG_ENABLE_OBJC_ARC = YES;
				CLANG_ENABLE_OBJC_WEAK = YES;
				CLANG_WARN_BLOCK_CAPTURE_AUTORELEASING = YES;
				CLANG_WARN_BOOL_CONVERSION = YES;
				CLANG_WARN_COMMA = YES;
				CLANG_WARN_CONSTANT_CONVERSION = YES;
				CLANG_WARN_DEPRECATED_OBJC_IMPLEMENTATIONS = YES;
				CLANG_WARN_DIRECT_OBJC_ISA_USAGE = YES_ERROR;
				CLANG_WARN_DOCUMENTATION_COMMENTS = YES;
				CLANG_WARN_EMPTY_BODY = YES;
				CLANG_WARN_ENUM_CONVERSION = YES;
				CLANG_WARN_INFINITE_RECURSION = YES;
				CLANG_WARN_INT_CONVERSION = YES;
				CLANG_WARN_NON_LITERAL_NULL_CONVERSION = YES;
				CLANG_WARN_OBJC_IMPLICIT_RETAIN_SELF = YES;
				CLANG_WARN_OBJC_LITERAL_CONVERSION = YES;
				CLANG_WARN_OBJC_ROOT_CLASS = YES_ERROR;
				CLANG_WARN_RANGE_LOOP_ANALYSIS = YES;
				CLANG_WARN_STRICT_PROTOTYPES = YES;
				CLANG_WARN_SUSPICIOUS_MOVE = YES;
				CLANG_WARN_UNGUARDED_AVAILABILITY = YES_AGGRESSIVE;
				CLANG_WARN_UNREACHABLE_CODE = YES;
				CLANG_WARN__DUPLICATE_METHOD_MATCH = YES;
				COPY_PHASE_STRIP = NO;
				DEBUG_INFORMATION_FORMAT = dwarf;
				ENABLE_STRICT_OBJC_MSGSEND = YES;
				ENABLE_TESTABILITY = YES;
				GCC_C_LANGUAGE_STANDARD = gnu11;
				GCC_DYNAMIC_NO_PIC = NO;
				GCC_NO_COMMON_BLOCKS = YES;
				GCC_OPTIMIZATION_LEVEL = 0;
				GCC_PREPROCESSOR_DEFINITIONS = (
					"DEBUG=1",
					"$(inherited)",
				);
				GCC_WARN_64_TO_32_BIT_CONVERSION = YES;
				GCC_WARN_ABOUT_RETURN_TYPE = YES_ERROR;
				GCC_WARN_UNDECLARED_SELECTOR = YES;
				GCC_WARN_UNINITIALIZED_AUTOS = YES_AGGRESSIVE;
				GCC_WARN_UNUSED_FUNCTION = YES;
				GCC_WARN_UNUSED_VARIABLE = YES;
				IPHONEOS_DEPLOYMENT_TARGET = 13.5;
				MTL_ENABLE_DEBUG_INFO = INCLUDE_SOURCE;
				MTL_FAST_MATH = YES;
				ONLY_ACTIVE_ARCH = YES;
				SDKROOT = iphoneos;
				SWIFT_ACTIVE_COMPILATION_CONDITIONS = DEBUG;
				SWIFT_OPTIMIZATION_LEVEL = "-Onone";
			};
			name = Debug;
		};
		09F98FC624A28F0F004ACC12 /* Release */ = {
			isa = XCBuildConfiguration;
			buildSettings = {
				ALWAYS_SEARCH_USER_PATHS = NO;
				CLANG_ANALYZER_NONNULL = YES;
				CLANG_ANALYZER_NUMBER_OBJECT_CONVERSION = YES_AGGRESSIVE;
				CLANG_CXX_LANGUAGE_STANDARD = "gnu++14";
				CLANG_CXX_LIBRARY = "libc++";
				CLANG_ENABLE_MODULES = YES;
				CLANG_ENABLE_OBJC_ARC = YES;
				CLANG_ENABLE_OBJC_WEAK = YES;
				CLANG_WARN_BLOCK_CAPTURE_AUTORELEASING = YES;
				CLANG_WARN_BOOL_CONVERSION = YES;
				CLANG_WARN_COMMA = YES;
				CLANG_WARN_CONSTANT_CONVERSION = YES;
				CLANG_WARN_DEPRECATED_OBJC_IMPLEMENTATIONS = YES;
				CLANG_WARN_DIRECT_OBJC_ISA_USAGE = YES_ERROR;
				CLANG_WARN_DOCUMENTATION_COMMENTS = YES;
				CLANG_WARN_EMPTY_BODY = YES;
				CLANG_WARN_ENUM_CONVERSION = YES;
				CLANG_WARN_INFINITE_RECURSION = YES;
				CLANG_WARN_INT_CONVERSION = YES;
				CLANG_WARN_NON_LITERAL_NULL_CONVERSION = YES;
				CLANG_WARN_OBJC_IMPLICIT_RETAIN_SELF = YES;
				CLANG_WARN_OBJC_LITERAL_CONVERSION = YES;
				CLANG_WARN_OBJC_ROOT_CLASS = YES_ERROR;
				CLANG_WARN_RANGE_LOOP_ANALYSIS = YES;
				CLANG_WARN_STRICT_PROTOTYPES = YES;
				CLANG_WARN_SUSPICIOUS_MOVE = YES;
				CLANG_WARN_UNGUARDED_AVAILABILITY = YES_AGGRESSIVE;
				CLANG_WARN_UNREACHABLE_CODE = YES;
				CLANG_WARN__DUPLICATE_METHOD_MATCH = YES;
				COPY_PHASE_STRIP = NO;
				DEBUG_INFORMATION_FORMAT = "dwarf-with-dsym";
				ENABLE_NS_ASSERTIONS = NO;
				ENABLE_STRICT_OBJC_MSGSEND = YES;
				GCC_C_LANGUAGE_STANDARD = gnu11;
				GCC_NO_COMMON_BLOCKS = YES;
				GCC_WARN_64_TO_32_BIT_CONVERSION = YES;
				GCC_WARN_ABOUT_RETURN_TYPE = YES_ERROR;
				GCC_WARN_UNDECLARED_SELECTOR = YES;
				GCC_WARN_UNINITIALIZED_AUTOS = YES_AGGRESSIVE;
				GCC_WARN_UNUSED_FUNCTION = YES;
				GCC_WARN_UNUSED_VARIABLE = YES;
				IPHONEOS_DEPLOYMENT_TARGET = 13.5;
				MTL_ENABLE_DEBUG_INFO = NO;
				MTL_FAST_MATH = YES;
				SDKROOT = iphoneos;
				SWIFT_COMPILATION_MODE = wholemodule;
				SWIFT_OPTIMIZATION_LEVEL = "-O";
				VALIDATE_PRODUCT = YES;
			};
			name = Release;
		};
		09F98FC824A28F0F004ACC12 /* Debug */ = {
			isa = XCBuildConfiguration;
			buildSettings = {
				ASSETCATALOG_COMPILER_APPICON_NAME = AppIcon;
				CODE_SIGN_STYLE = Automatic;
				INFOPLIST_FILE = Inventory/Info.plist;
				LD_RUNPATH_SEARCH_PATHS = (
					"$(inherited)",
					"@executable_path/Frameworks",
				);
				PRODUCT_BUNDLE_IDENTIFIER = com.stephaniespencer1.Inventory;
				PRODUCT_NAME = "$(TARGET_NAME)";
				SWIFT_VERSION = 5.0;
				TARGETED_DEVICE_FAMILY = "1,2";
			};
			name = Debug;
		};
		09F98FC924A28F0F004ACC12 /* Release */ = {
			isa = XCBuildConfiguration;
			buildSettings = {
				ASSETCATALOG_COMPILER_APPICON_NAME = AppIcon;
				CODE_SIGN_STYLE = Automatic;
				INFOPLIST_FILE = Inventory/Info.plist;
				LD_RUNPATH_SEARCH_PATHS = (
					"$(inherited)",
					"@executable_path/Frameworks",
				);
				PRODUCT_BUNDLE_IDENTIFIER = com.stephaniespencer1.Inventory;
				PRODUCT_NAME = "$(TARGET_NAME)";
				SWIFT_VERSION = 5.0;
				TARGETED_DEVICE_FAMILY = "1,2";
			};
			name = Release;
		};
		09F98FCB24A28F0F004ACC12 /* Debug */ = {
			isa = XCBuildConfiguration;
			buildSettings = {
				ALWAYS_EMBED_SWIFT_STANDARD_LIBRARIES = YES;
				BUNDLE_LOADER = "$(TEST_HOST)";
				CODE_SIGN_STYLE = Automatic;
				INFOPLIST_FILE = InventoryTests/Info.plist;
				IPHONEOS_DEPLOYMENT_TARGET = 13.5;
				LD_RUNPATH_SEARCH_PATHS = (
					"$(inherited)",
					"@executable_path/Frameworks",
					"@loader_path/Frameworks",
				);
				PRODUCT_BUNDLE_IDENTIFIER = com.stephaniespencer1.InventoryTests;
				PRODUCT_NAME = "$(TARGET_NAME)";
				SWIFT_VERSION = 5.0;
				TARGETED_DEVICE_FAMILY = "1,2";
				TEST_HOST = "$(BUILT_PRODUCTS_DIR)/Inventory.app/Inventory";
			};
			name = Debug;
		};
		09F98FCC24A28F0F004ACC12 /* Release */ = {
			isa = XCBuildConfiguration;
			buildSettings = {
				ALWAYS_EMBED_SWIFT_STANDARD_LIBRARIES = YES;
				BUNDLE_LOADER = "$(TEST_HOST)";
				CODE_SIGN_STYLE = Automatic;
				INFOPLIST_FILE = InventoryTests/Info.plist;
				IPHONEOS_DEPLOYMENT_TARGET = 13.5;
				LD_RUNPATH_SEARCH_PATHS = (
					"$(inherited)",
					"@executable_path/Frameworks",
					"@loader_path/Frameworks",
				);
				PRODUCT_BUNDLE_IDENTIFIER = com.stephaniespencer1.InventoryTests;
				PRODUCT_NAME = "$(TARGET_NAME)";
				SWIFT_VERSION = 5.0;
				TARGETED_DEVICE_FAMILY = "1,2";
				TEST_HOST = "$(BUILT_PRODUCTS_DIR)/Inventory.app/Inventory";
			};
			name = Release;
		};
		09F98FCE24A28F0F004ACC12 /* Debug */ = {
			isa = XCBuildConfiguration;
			buildSettings = {
				ALWAYS_EMBED_SWIFT_STANDARD_LIBRARIES = YES;
				CODE_SIGN_STYLE = Automatic;
				INFOPLIST_FILE = InventoryUITests/Info.plist;
				LD_RUNPATH_SEARCH_PATHS = (
					"$(inherited)",
					"@executable_path/Frameworks",
					"@loader_path/Frameworks",
				);
				PRODUCT_BUNDLE_IDENTIFIER = com.stephaniespencer1.InventoryUITests;
				PRODUCT_NAME = "$(TARGET_NAME)";
				SWIFT_VERSION = 5.0;
				TARGETED_DEVICE_FAMILY = "1,2";
				TEST_TARGET_NAME = Inventory;
			};
			name = Debug;
		};
		09F98FCF24A28F0F004ACC12 /* Release */ = {
			isa = XCBuildConfiguration;
			buildSettings = {
				ALWAYS_EMBED_SWIFT_STANDARD_LIBRARIES = YES;
				CODE_SIGN_STYLE = Automatic;
				INFOPLIST_FILE = InventoryUITests/Info.plist;
				LD_RUNPATH_SEARCH_PATHS = (
					"$(inherited)",
					"@executable_path/Frameworks",
					"@loader_path/Frameworks",
				);
				PRODUCT_BUNDLE_IDENTIFIER = com.stephaniespencer1.InventoryUITests;
				PRODUCT_NAME = "$(TARGET_NAME)";
				SWIFT_VERSION = 5.0;
				TARGETED_DEVICE_FAMILY = "1,2";
				TEST_TARGET_NAME = Inventory;
			};
			name = Release;
		};
/* End XCBuildConfiguration section */

/* Begin XCConfigurationList section */
		09F98F9824A28F0C004ACC12 /* Build configuration list for PBXProject "Inventory" */ = {
			isa = XCConfigurationList;
			buildConfigurations = (
				09F98FC524A28F0F004ACC12 /* Debug */,
				09F98FC624A28F0F004ACC12 /* Release */,
			);
			defaultConfigurationIsVisible = 0;
			defaultConfigurationName = Release;
		};
		09F98FC724A28F0F004ACC12 /* Build configuration list for PBXNativeTarget "Inventory" */ = {
			isa = XCConfigurationList;
			buildConfigurations = (
				09F98FC824A28F0F004ACC12 /* Debug */,
				09F98FC924A28F0F004ACC12 /* Release */,
			);
			defaultConfigurationIsVisible = 0;
			defaultConfigurationName = Release;
		};
		09F98FCA24A28F0F004ACC12 /* Build configuration list for PBXNativeTarget "InventoryTests" */ = {
			isa = XCConfigurationList;
			buildConfigurations = (
				09F98FCB24A28F0F004ACC12 /* Debug */,
				09F98FCC24A28F0F004ACC12 /* Release */,
			);
			defaultConfigurationIsVisible = 0;
			defaultConfigurationName = Release;
		};
		09F98FCD24A28F0F004ACC12 /* Build configuration list for PBXNativeTarget "InventoryUITests" */ = {
			isa = XCConfigurationList;
			buildConfigurations = (
				09F98FCE24A28F0F004ACC12 /* Debug */,
				09F98FCF24A28F0F004ACC12 /* Release */,
			);
			defaultConfigurationIsVisible = 0;
			defaultConfigurationName = Release;
		};
/* End XCConfigurationList section */
	};
	rootObject = 09F98F9524A28F0C004ACC12 /* Project object */;
}
